# THIS IS AN AUTOGENERATED FILE. DO NOT EDIT THIS FILE DIRECTLY.
# yarn lockfile v1


"@types/minimatch@^3.0.5":
  "integrity" "sha512-Klz949h02Gz2uZCMGwDUSDS1YBlTdDDgbWHi+81l29tQALUtvz4rAYi5uoVhE5Lagoq6DeqAUlbrHvW/mXDgdQ=="
  "resolved" "https://registry.npmjs.org/@types/minimatch/-/minimatch-3.0.5.tgz"
  "version" "3.0.5"

"@types/node@*", "@types/node@^16.11.7":
  "integrity" "sha512-+fnfNvG5JQdC1uGZiTx+0QVtoOHcggy6+epx65JYroPGsE1uhp+vo5kioiGKsAkor6ocwHteU2EvO7N8vtOZtA=="
  "resolved" "https://registry.npmjs.org/@types/node/-/node-16.11.32.tgz"
  "version" "16.11.32"

"@types/ssh2-streams@*":
  "integrity" "sha512-I2J9jKqfmvXLR5GomDiCoHrEJ58hAOmFrekfFqmCFd+A6gaEStvWnPykoWUwld1PNg4G5ag1LwdA+Lz1doRJqg=="
  "resolved" "https://registry.npmjs.org/@types/ssh2-streams/-/ssh2-streams-0.1.9.tgz"
  "version" "0.1.9"
  dependencies:
    "@types/node" "*"

"@types/ssh2@^0.5.52":
  "integrity" "sha512-lbLLlXxdCZOSJMCInKH2+9V/77ET2J6NPQHpFI0kda61Dd1KglJs+fPQBchizmzYSOJBgdTajhPqBO1xxLywvg=="
  "resolved" "https://registry.npmjs.org/@types/ssh2/-/ssh2-0.5.52.tgz"
  "version" "0.5.52"
  dependencies:
    "@types/node" "*"
    "@types/ssh2-streams" "*"

"asn1@^0.2.4":
  "integrity" "sha512-ix/FxPn0MDjeyJ7i/yoHGFt/EX6LyNbxSEhPPXODPL+KB0VPk86UYfL0lMdy+KCnv+fmvIzySwaK5COwqVbWTQ=="
  "resolved" "https://registry.npmjs.org/asn1/-/asn1-0.2.6.tgz"
  "version" "0.2.6"
  dependencies:
    "safer-buffer" "~2.1.0"

"balanced-match@^1.0.0":
  "integrity" "sha512-3oSeUO0TMV67hN1AmbXsK4yaqU7tjiHlbxRDZOpH0KW9+CeX4bRAaX0Anxt0tx2MrpRpWwQaPwIlISEJhYU5Pw=="
  "resolved" "https://registry.npmjs.org/balanced-match/-/balanced-match-1.0.2.tgz"
  "version" "1.0.2"

"bcrypt-pbkdf@^1.0.2":
  "integrity" "sha1-pDAdOJtqQ/m2f/PKEaP2Y342Dp4="
  "resolved" "https://registry.npmjs.org/bcrypt-pbkdf/-/bcrypt-pbkdf-1.0.2.tgz"
  "version" "1.0.2"
  dependencies:
    "tweetnacl" "^0.14.3"

"brace-expansion@^2.0.1":
  "integrity" "sha512-XnAIvQ8eM+kC6aULx6wuQiwVsnzsi9d3WxzV3FpWTGA19F621kwdbsAcFKXgKUHZWsy+mY6iL1sHTxWEFCytDA=="
  "resolved" "https://registry.npmjs.org/brace-expansion/-/brace-expansion-2.0.1.tgz"
  "version" "2.0.1"
  dependencies:
    "balanced-match" "^1.0.0"

"chalk@^5.0.1":
  "integrity" "sha512-Fo07WOYGqMfCWHOzSXOt2CxDbC6skS/jO9ynEcmpANMoPrD+W1r1K6Vx7iNm+AQmETU1Xr2t+n8nzkV9t6xh3w=="
  "resolved" "https://registry.npmjs.org/chalk/-/chalk-5.0.1.tgz"
  "version" "5.0.1"

"inherits@~2.0.3":
  "integrity" "sha512-k/vGaX4/Yla3WzyMCvTQOXYeIHvqOKtnqBduzTHpzpQZzAskKMhZ2K+EnBiSM9zGSoIFeMpXKxa4dYeZIQqewQ=="
  "resolved" "https://registry.npmjs.org/inherits/-/inherits-2.0.4.tgz"
  "version" "2.0.4"

"minimatch@^5.0.1":
  "integrity" "sha512-nLDxIFRyhDblz3qMuq+SoRZED4+miJ/G+tdDrjkkkRnjAsBexeGpgjLEQ0blJy7rHhR2b93rhQY4SvyWu9v03g=="
  "resolved" "https://registry.npmjs.org/minimatch/-/minimatch-5.0.1.tgz"
  "version" "5.0.1"
  dependencies:
    "brace-expansion" "^2.0.1"

"queue@^6.0.2":
  "integrity" "sha512-iHZWu+q3IdFZFX36ro/lKBkSvfkztY5Y7HMiPlOUjhupPcG2JMfst2KKEpu5XndviX/3UhFbRngUPNKtgvtZiA=="
  "resolved" "https://registry.npmjs.org/queue/-/queue-6.0.2.tgz"
  "version" "6.0.2"
  dependencies:
    "inherits" "~2.0.3"

"safer-buffer@~2.1.0":
  "integrity" "sha512-YZo3K82SD7Riyi0E1EQPojLz7kpepnSQI9IyPbHHg1XXXevb5dJI7tpyN2ADxGcQbHG7vcyRHk0cbwqcQriUtg=="
  "resolved" "https://registry.npmjs.org/safer-buffer/-/safer-buffer-2.1.2.tgz"
  "version" "2.1.2"

"ssh2@^1.10.0":
  "integrity" "sha512-OnKAAmf4j8wCRrXXZv3Tp5lCZkLJZtgZbn45ELiShCg27djDQ3XFGvIzuGsIsf4hdHslP+VdhA9BhUQdTdfd9w=="
  "resolved" "https://registry.npmjs.org/ssh2/-/ssh2-1.10.0.tgz"
  "version" "1.10.0"
  dependencies:
    "asn1" "^0.2.4"
    "bcrypt-pbkdf" "^1.0.2"
  optionalDependencies:
    "cpu-features" "~0.0.4"
    "nan" "^2.15.0"

"tweetnacl@^0.14.3":
  "integrity" "sha1-WuaBd/GS1EViadEIr6k/+HQ/T2Q="
  "resolved" "https://registry.npmjs.org/tweetnacl/-/tweetnacl-0.14.5.tgz"
  "version" "0.14.5"

"typescript@^4.6.4":
  "integrity" "sha512-9ia/jWHIEbo49HfjrLGfKbZSuWo9iTMwXO+Ca3pRsSpbsMbc7/IU8NKdCZVRRBafVPGnoJeFL76ZOAA84I9fEg=="
  "resolved" "https://registry.npmjs.org/typescript/-/typescript-4.6.4.tgz"
  "version" "4.6.4"
